{
  "object": {
    "pins": [
      {
        "package": "SwiftProtobuf",
        "repositoryURL": "https://github.com/apple/swift-protobuf.git",
        "state": {
          "branch": null,
          "revision": "86c579d280d629416c7bd9d32a5dfacab8e0b0b4",
          "version": "1.2.0"
        }
      },
      {
        "package": "SwiftCLI",
        "repositoryURL": "https://github.com/jakeheis/SwiftCLI",
        "state": {
          "branch": null,
          "revision": "fb076cba39c679da4e27813518d8860d8815a25b",
          "version": "5.2.1"
        }
      }
    ]
  },
  "version": 1
}
